<?xml version="1.0" encoding="utf-8"?>
<Project ToolsVersion="17.0" xmlns="http://schemas.microsoft.com/developer/msbuild/2003">
  <ItemGroup>
    <CustomBuild Include="C:\Users\PC\Documents\cpp-fundamentals\homework\nwd-nnw\CMakeFiles\537b15278821412ff0683a86ee88ab74\INSTALL_force.rule">
      <Filter>CMake Rules</Filter>
    </CustomBuild>
  </ItemGroup>
  <ItemGroup>
    <Filter Include="CMake Rules">
      <UniqueIdentifier>{FAD258A1-7471-3462-9CDC-B8C92994F94A}</UniqueIdentifier>
    </Filter>
  </ItemGroup>
</Project>
