<?xml version="1.0" encoding="utf-8"?>
<Project ToolsVersion="17.0" xmlns="http://schemas.microsoft.com/developer/msbuild/2003">
  <ItemGroup>
    <ClCompile Include="C:\Users\PC\Documents\cpp-fundamentals\homework\nwd-nnw\test.cpp">
      <Filter>Source Files</Filter>
    </ClCompile>
  </ItemGroup>
  <ItemGroup>
    <CustomBuild Include="C:\Users\PC\Documents\cpp-fundamentals\homework\nwd-nnw\CMakeLists.txt" />
  </ItemGroup>
  <ItemGroup>
    <Filter Include="Source Files">
      <UniqueIdentifier>{9DCBE7AB-1D64-3E0C-91B5-EAFE02722B33}</UniqueIdentifier>
    </Filter>
  </ItemGroup>
</Project>
